// !$*UTF8*$!
{
	archiveVersion = 1;
	classes = {
	};
	objectVersion = 77;
	objects = {

/* Begin PBXBuildFile section */
		36BBF78814D83CACA45F56E3 /* ModelsTests.swift in Sources */ = {isa = PBXBuildFile; fileRef = C5F4B581305511AA93705BBB /* ModelsTests.swift */; };
		461657E5CBCDB2329746C916 /* RingBuffer.swift in Sources */ = {isa = PBXBuildFile; fileRef = AA3F45E2A908E2A2B7CB3189 /* RingBuffer.swift */; };
		54C9B380B3BCCF886FBBCB34 /* ProcessInspectorTests.swift in Sources */ = {isa = PBXBuildFile; fileRef = 5E21F8218BE19256720144E1 /* ProcessInspectorTests.swift */; };
		64D77F2E7EBE6D8C3472208E /* SessionRegistry.swift in Sources */ = {isa = PBXBuildFile; fileRef = 5B24F4E8279594BBEF9E0793 /* SessionRegistry.swift */; };
		6BADE3E8250AB28021D65B6F /* RingBufferTests.swift in Sources */ = {isa = PBXBuildFile; fileRef = 2FA1407F9CE0C01FBFD42EC6 /* RingBufferTests.swift */; };
		79633A1F672D1D5D7D5829D9 /* main.swift in Sources */ = {isa = PBXBuildFile; fileRef = 8EBEBCF20815AD1CDB2BEBA4 /* main.swift */; };
		811D76AA3FB26D090AD871C8 /* ProcessInspector.swift in Sources */ = {isa = PBXBuildFile; fileRef = 6FDE6A81A46B2436C4016E17 /* ProcessInspector.swift */; };
		865BC838DF54FFDB1167C337 /* WSMessage.swift in Sources */ = {isa = PBXBuildFile; fileRef = 1475B1320A0428C3BF903558 /* WSMessage.swift */; };
		90C9BEF92D4D97F1574EBFEF /* JWTManager.swift in Sources */ = {isa = PBXBuildFile; fileRef = 441A6F7B7088493AC7051170 /* JWTManager.swift */; };
		9130DC0EF7BA598A73D4A471 /* JWTManagerTests.swift in Sources */ = {isa = PBXBuildFile; fileRef = D336B17718BDAAC6413ED4A1 /* JWTManagerTests.swift */; };
		97E9C0AB4E7060464AF8D560 /* NIOHTTP1 in Frameworks */ = {isa = PBXBuildFile; productRef = 070F4266C3E9F190AE397A13 /* NIOHTTP1 */; };
		9B20180A1D269517A46F2BB1 /* NIOWebSocket in Frameworks */ = {isa = PBXBuildFile; productRef = 8E3A81F5EDBF49F3FF0D6222 /* NIOWebSocket */; };
		A35664270B67A4D613D106BE /* AgentSocketServer.swift in Sources */ = {isa = PBXBuildFile; fileRef = 38C695E1B31A2025348AA3FE /* AgentSocketServer.swift */; };
		B5002F6C04A7F7EA47F2F537 /* KeychainStore.swift in Sources */ = {isa = PBXBuildFile; fileRef = 4728E3F39D1F26DE22395E76 /* KeychainStore.swift */; };
		C0CDF7A55C56452EDAC43A5E /* NIOCore in Frameworks */ = {isa = PBXBuildFile; productRef = A31BC5A9C64FB6369DE1AACB /* NIOCore */; };
		D158A83194CBD684888F2F73 /* SessionRegistryTests.swift in Sources */ = {isa = PBXBuildFile; fileRef = 10D24074619D61A0A4D3CE92 /* SessionRegistryTests.swift */; };
		DDE199077AE4812DAF0358AD /* PTYSession.swift in Sources */ = {isa = PBXBuildFile; fileRef = 279509B566666F9A4482D811 /* PTYSession.swift */; };
		F07281819F174515A8F446D4 /* NIOPosix in Frameworks */ = {isa = PBXBuildFile; productRef = 0442E45B47DF33E9E13CFBC5 /* NIOPosix */; };
		F0DFBA7A4BFEEF6F711159BA /* Session.swift in Sources */ = {isa = PBXBuildFile; fileRef = 10BD4D5DD5DBA2ADF6865146 /* Session.swift */; };
		F6D38047950AB9537E4CDAE3 /* TermCastApp.swift in Sources */ = {isa = PBXBuildFile; fileRef = FC01819FA378CF2DDB75EAFE /* TermCastApp.swift */; };
		FA2432F8DBC1458CB3D339A1 /* PlaceholderTests.swift in Sources */ = {isa = PBXBuildFile; fileRef = B648C577A588F6705E2E120D /* PlaceholderTests.swift */; };
		FAB9D117B7092970213C91DE /* main.swift in Sources */ = {isa = PBXBuildFile; fileRef = 07B34D319E0DBD332D1531CC /* main.swift */; };
/* End PBXBuildFile section */

/* Begin PBXContainerItemProxy section */
		14F2EE0FAB2762F79BCB14FA /* PBXContainerItemProxy */ = {
			isa = PBXContainerItemProxy;
			containerPortal = 380359ED6BCACAD99966BD0E /* Project object */;
			proxyType = 1;
			remoteGlobalIDString = CD430EDFFAB5648881CF3246;
			remoteInfo = TermCast;
		};
/* End PBXContainerItemProxy section */

/* Begin PBXFileReference section */
		052CABC1231C994365870E7B /* TermCastHook */ = {isa = PBXFileReference; includeInIndex = 0; path = TermCastHook; sourceTree = BUILT_PRODUCTS_DIR; };
		07B34D319E0DBD332D1531CC /* main.swift */ = {isa = PBXFileReference; lastKnownFileType = sourcecode.swift; path = main.swift; sourceTree = "<group>"; };
		10BD4D5DD5DBA2ADF6865146 /* Session.swift */ = {isa = PBXFileReference; lastKnownFileType = sourcecode.swift; path = Session.swift; sourceTree = "<group>"; };
		10D24074619D61A0A4D3CE92 /* SessionRegistryTests.swift */ = {isa = PBXFileReference; lastKnownFileType = sourcecode.swift; path = SessionRegistryTests.swift; sourceTree = "<group>"; };
		1475B1320A0428C3BF903558 /* WSMessage.swift */ = {isa = PBXFileReference; lastKnownFileType = sourcecode.swift; path = WSMessage.swift; sourceTree = "<group>"; };
		279509B566666F9A4482D811 /* PTYSession.swift */ = {isa = PBXFileReference; lastKnownFileType = sourcecode.swift; path = PTYSession.swift; sourceTree = "<group>"; };
		2FA1407F9CE0C01FBFD42EC6 /* RingBufferTests.swift */ = {isa = PBXFileReference; lastKnownFileType = sourcecode.swift; path = RingBufferTests.swift; sourceTree = "<group>"; };
		38C695E1B31A2025348AA3FE /* AgentSocketServer.swift */ = {isa = PBXFileReference; lastKnownFileType = sourcecode.swift; path = AgentSocketServer.swift; sourceTree = "<group>"; };
		441A6F7B7088493AC7051170 /* JWTManager.swift */ = {isa = PBXFileReference; lastKnownFileType = sourcecode.swift; path = JWTManager.swift; sourceTree = "<group>"; };
		4728E3F39D1F26DE22395E76 /* KeychainStore.swift */ = {isa = PBXFileReference; lastKnownFileType = sourcecode.swift; path = KeychainStore.swift; sourceTree = "<group>"; };
		5B24F4E8279594BBEF9E0793 /* SessionRegistry.swift */ = {isa = PBXFileReference; lastKnownFileType = sourcecode.swift; path = SessionRegistry.swift; sourceTree = "<group>"; };
		5E21F8218BE19256720144E1 /* ProcessInspectorTests.swift */ = {isa = PBXFileReference; lastKnownFileType = sourcecode.swift; path = ProcessInspectorTests.swift; sourceTree = "<group>"; };
		6FDE6A81A46B2436C4016E17 /* ProcessInspector.swift */ = {isa = PBXFileReference; lastKnownFileType = sourcecode.swift; path = ProcessInspector.swift; sourceTree = "<group>"; };
		8EBEBCF20815AD1CDB2BEBA4 /* main.swift */ = {isa = PBXFileReference; lastKnownFileType = sourcecode.swift; path = main.swift; sourceTree = "<group>"; };
		AA3F45E2A908E2A2B7CB3189 /* RingBuffer.swift */ = {isa = PBXFileReference; lastKnownFileType = sourcecode.swift; path = RingBuffer.swift; sourceTree = "<group>"; };
		B648C577A588F6705E2E120D /* PlaceholderTests.swift */ = {isa = PBXFileReference; lastKnownFileType = sourcecode.swift; path = PlaceholderTests.swift; sourceTree = "<group>"; };
		B70EF66B1E375B292CCEC9EC /* TermCast-Bridging-Header.h */ = {isa = PBXFileReference; lastKnownFileType = sourcecode.c.h; path = "TermCast-Bridging-Header.h"; sourceTree = "<group>"; };
		C5F4B581305511AA93705BBB /* ModelsTests.swift */ = {isa = PBXFileReference; lastKnownFileType = sourcecode.swift; path = ModelsTests.swift; sourceTree = "<group>"; };
		D336B17718BDAAC6413ED4A1 /* JWTManagerTests.swift */ = {isa = PBXFileReference; lastKnownFileType = sourcecode.swift; path = JWTManagerTests.swift; sourceTree = "<group>"; };
		E5134779E1E621E5A28ECE80 /* TermCast.app */ = {isa = PBXFileReference; explicitFileType = wrapper.application; includeInIndex = 0; path = TermCast.app; sourceTree = BUILT_PRODUCTS_DIR; };
		E552F8E0113B0C5F1316CD48 /* TermCastTests.xctest */ = {isa = PBXFileReference; explicitFileType = wrapper.cfbundle; includeInIndex = 0; path = TermCastTests.xctest; sourceTree = BUILT_PRODUCTS_DIR; };
		FACD78607264F49EC5490435 /* Info.plist */ = {isa = PBXFileReference; lastKnownFileType = text.plist; path = Info.plist; sourceTree = "<group>"; };
		FC01819FA378CF2DDB75EAFE /* TermCastApp.swift */ = {isa = PBXFileReference; lastKnownFileType = sourcecode.swift; path = TermCastApp.swift; sourceTree = "<group>"; };
/* End PBXFileReference section */

/* Begin PBXFrameworksBuildPhase section */
		64CAE5F8DDE53432FB71A6FA /* Frameworks */ = {
			isa = PBXFrameworksBuildPhase;
			buildActionMask = 2147483647;
			files = (
				C0CDF7A55C56452EDAC43A5E /* NIOCore in Frameworks */,
				97E9C0AB4E7060464AF8D560 /* NIOHTTP1 in Frameworks */,
				9B20180A1D269517A46F2BB1 /* NIOWebSocket in Frameworks */,
				F07281819F174515A8F446D4 /* NIOPosix in Frameworks */,
			);
			runOnlyForDeploymentPostprocessing = 0;
		};
/* End PBXFrameworksBuildPhase section */

/* Begin PBXGroup section */
		36EDFE47F4CCA28A9103BE46 /* Models */ = {
			isa = PBXGroup;
			children = (
				10BD4D5DD5DBA2ADF6865146 /* Session.swift */,
				1475B1320A0428C3BF903558 /* WSMessage.swift */,
			);
			path = Models;
			sourceTree = "<group>";
		};
		45A68340D0B68A2DF0E0F18C /* Products */ = {
			isa = PBXGroup;
			children = (
				E5134779E1E621E5A28ECE80 /* TermCast.app */,
				052CABC1231C994365870E7B /* TermCastHook */,
				E552F8E0113B0C5F1316CD48 /* TermCastTests.xctest */,
			);
			name = Products;
			sourceTree = "<group>";
		};
		5927D79B754D6EB6E7068ADE /* TermCast */ = {
			isa = PBXGroup;
			children = (
				62A66C6D2943194CFBC2E05F /* App */,
				730487794AE71A69B9D1BE3F /* Auth */,
				EE2AC5D589D468DBC8E96B2F /* Core */,
				36EDFE47F4CCA28A9103BE46 /* Models */,
				B336CC83B31E5A61ED2541DD /* ShellIntegration */,
			);
			path = TermCast;
			sourceTree = "<group>";
		};
		62A66C6D2943194CFBC2E05F /* App */ = {
			isa = PBXGroup;
			children = (
				FACD78607264F49EC5490435 /* Info.plist */,
				8EBEBCF20815AD1CDB2BEBA4 /* main.swift */,
				B70EF66B1E375B292CCEC9EC /* TermCast-Bridging-Header.h */,
				FC01819FA378CF2DDB75EAFE /* TermCastApp.swift */,
			);
			path = App;
			sourceTree = "<group>";
		};
		730487794AE71A69B9D1BE3F /* Auth */ = {
			isa = PBXGroup;
			children = (
				4728E3F39D1F26DE22395E76 /* KeychainStore.swift */,
			);
			path = Auth;
			sourceTree = "<group>";
		};
		B336CC83B31E5A61ED2541DD /* ShellIntegration */ = {
			isa = PBXGroup;
			children = (
				38C695E1B31A2025348AA3FE /* AgentSocketServer.swift */,
				279509B566666F9A4482D811 /* PTYSession.swift */,
				5B24F4E8279594BBEF9E0793 /* SessionRegistry.swift */,
			);
			path = ShellIntegration;
			sourceTree = "<group>";
		};
		CC9516DA689498AF54E6F8C7 = {
			isa = PBXGroup;
			children = (
				5927D79B754D6EB6E7068ADE /* TermCast */,
				D760853D3A23741F140F4A8B /* TermCastHook */,
				F761BC6D458EFB5CA0399EC9 /* TermCastTests */,
				45A68340D0B68A2DF0E0F18C /* Products */,
			);
			sourceTree = "<group>";
		};
		D760853D3A23741F140F4A8B /* TermCastHook */ = {
			isa = PBXGroup;
			children = (
				07B34D319E0DBD332D1531CC /* main.swift */,
			);
			path = TermCastHook;
			sourceTree = "<group>";
		};
		EE2AC5D589D468DBC8E96B2F /* Core */ = {
			isa = PBXGroup;
			children = (
				441A6F7B7088493AC7051170 /* JWTManager.swift */,
				6FDE6A81A46B2436C4016E17 /* ProcessInspector.swift */,
				AA3F45E2A908E2A2B7CB3189 /* RingBuffer.swift */,
			);
			path = Core;
			sourceTree = "<group>";
		};
		F761BC6D458EFB5CA0399EC9 /* TermCastTests */ = {
			isa = PBXGroup;
			children = (
				D336B17718BDAAC6413ED4A1 /* JWTManagerTests.swift */,
				C5F4B581305511AA93705BBB /* ModelsTests.swift */,
				B648C577A588F6705E2E120D /* PlaceholderTests.swift */,
				5E21F8218BE19256720144E1 /* ProcessInspectorTests.swift */,
				2FA1407F9CE0C01FBFD42EC6 /* RingBufferTests.swift */,
				10D24074619D61A0A4D3CE92 /* SessionRegistryTests.swift */,
			);
			path = TermCastTests;
			sourceTree = "<group>";
		};
/* End PBXGroup section */

/* Begin PBXNativeTarget section */
		137F17E02BC69F568949A1F7 /* TermCastTests */ = {
			isa = PBXNativeTarget;
			buildConfigurationList = 8F6D7B2ECAEC7A38FBBCF8D7 /* Build configuration list for PBXNativeTarget "TermCastTests" */;
			buildPhases = (
				D50BDBDF1ECBB38E3DA2378A /* Sources */,
			);
			buildRules = (
			);
			dependencies = (
				44E46699F0B682C8E6D67CEA /* PBXTargetDependency */,
			);
			name = TermCastTests;
			packageProductDependencies = (
			);
			productName = TermCastTests;
			productReference = E552F8E0113B0C5F1316CD48 /* TermCastTests.xctest */;
			productType = "com.apple.product-type.bundle.unit-test";
		};
		2D70067BBB842D151FB37222 /* TermCastHook */ = {
			isa = PBXNativeTarget;
			buildConfigurationList = 98BB674A9B4AE2726C1FDE81 /* Build configuration list for PBXNativeTarget "TermCastHook" */;
			buildPhases = (
				FB62BBD9EA5F7B256227277D /* Sources */,
			);
			buildRules = (
			);
			dependencies = (
			);
			name = TermCastHook;
			packageProductDependencies = (
			);
			productName = TermCastHook;
			productReference = 052CABC1231C994365870E7B /* TermCastHook */;
			productType = "com.apple.product-type.tool";
		};
		CD430EDFFAB5648881CF3246 /* TermCast */ = {
			isa = PBXNativeTarget;
			buildConfigurationList = F92E83A29DA7512E4139D757 /* Build configuration list for PBXNativeTarget "TermCast" */;
			buildPhases = (
				989FCF1A2A13EEB7A0AD5025 /* Sources */,
				64CAE5F8DDE53432FB71A6FA /* Frameworks */,
			);
			buildRules = (
			);
			dependencies = (
			);
			name = TermCast;
			packageProductDependencies = (
				A31BC5A9C64FB6369DE1AACB /* NIOCore */,
				070F4266C3E9F190AE397A13 /* NIOHTTP1 */,
				8E3A81F5EDBF49F3FF0D6222 /* NIOWebSocket */,
				0442E45B47DF33E9E13CFBC5 /* NIOPosix */,
			);
			productName = TermCast;
			productReference = E5134779E1E621E5A28ECE80 /* TermCast.app */;
			productType = "com.apple.product-type.application";
		};
/* End PBXNativeTarget section */

/* Begin PBXProject section */
		380359ED6BCACAD99966BD0E /* Project object */ = {
			isa = PBXProject;
			attributes = {
				BuildIndependentTargetsInParallel = YES;
				LastUpgradeCheck = 1500;
			};
			buildConfigurationList = 2B196A738FA630990C2F7A32 /* Build configuration list for PBXProject "TermCast" */;
			compatibilityVersion = "Xcode 14.0";
			developmentRegion = en;
			hasScannedForEncodings = 0;
			knownRegions = (
				Base,
				en,
			);
			mainGroup = CC9516DA689498AF54E6F8C7;
			minimizedProjectReferenceProxies = 1;
			packageReferences = (
				49FE756EE000C6C8BC109C56 /* XCRemoteSwiftPackageReference "swift-nio" */,
			);
			preferredProjectObjectVersion = 77;
			projectDirPath = "";
			projectRoot = "";
			targets = (
				CD430EDFFAB5648881CF3246 /* TermCast */,
				2D70067BBB842D151FB37222 /* TermCastHook */,
				137F17E02BC69F568949A1F7 /* TermCastTests */,
			);
		};
/* End PBXProject section */

/* Begin PBXSourcesBuildPhase section */
		989FCF1A2A13EEB7A0AD5025 /* Sources */ = {
			isa = PBXSourcesBuildPhase;
			buildActionMask = 2147483647;
			files = (
				A35664270B67A4D613D106BE /* AgentSocketServer.swift in Sources */,
				90C9BEF92D4D97F1574EBFEF /* JWTManager.swift in Sources */,
				B5002F6C04A7F7EA47F2F537 /* KeychainStore.swift in Sources */,
				DDE199077AE4812DAF0358AD /* PTYSession.swift in Sources */,
				811D76AA3FB26D090AD871C8 /* ProcessInspector.swift in Sources */,
				461657E5CBCDB2329746C916 /* RingBuffer.swift in Sources */,
				F0DFBA7A4BFEEF6F711159BA /* Session.swift in Sources */,
				64D77F2E7EBE6D8C3472208E /* SessionRegistry.swift in Sources */,
				F6D38047950AB9537E4CDAE3 /* TermCastApp.swift in Sources */,
				865BC838DF54FFDB1167C337 /* WSMessage.swift in Sources */,
				79633A1F672D1D5D7D5829D9 /* main.swift in Sources */,
			);
			runOnlyForDeploymentPostprocessing = 0;
		};
		D50BDBDF1ECBB38E3DA2378A /* Sources */ = {
			isa = PBXSourcesBuildPhase;
			buildActionMask = 2147483647;
			files = (
				9130DC0EF7BA598A73D4A471 /* JWTManagerTests.swift in Sources */,
				36BBF78814D83CACA45F56E3 /* ModelsTests.swift in Sources */,
				FA2432F8DBC1458CB3D339A1 /* PlaceholderTests.swift in Sources */,
				54C9B380B3BCCF886FBBCB34 /* ProcessInspectorTests.swift in Sources */,
				6BADE3E8250AB28021D65B6F /* RingBufferTests.swift in Sources */,
				D158A83194CBD684888F2F73 /* SessionRegistryTests.swift in Sources */,
			);
			runOnlyForDeploymentPostprocessing = 0;
		};
		FB62BBD9EA5F7B256227277D /* Sources */ = {
			isa = PBXSourcesBuildPhase;
			buildActionMask = 2147483647;
			files = (
				FAB9D117B7092970213C91DE /* main.swift in Sources */,
			);
			runOnlyForDeploymentPostprocessing = 0;
		};
/* End PBXSourcesBuildPhase section */

/* Begin PBXTargetDependency section */
		44E46699F0B682C8E6D67CEA /* PBXTargetDependency */ = {
			isa = PBXTargetDependency;
			target = CD430EDFFAB5648881CF3246 /* TermCast */;
			targetProxy = 14F2EE0FAB2762F79BCB14FA /* PBXContainerItemProxy */;
		};
/* End PBXTargetDependency section */

/* Begin XCBuildConfiguration section */
		58509BDE4FA7C462DAA8CEC2 /* Debug */ = {
			isa = XCBuildConfiguration;
			buildSettings = {
				ASSETCATALOG_COMPILER_APPICON_NAME = AppIcon;
				COMBINE_HIDPI_IMAGES = YES;
				INFOPLIST_FILE = TermCast/App/Info.plist;
				LD_RUNPATH_SEARCH_PATHS = (
					"$(inherited)",
					"@executable_path/../Frameworks",
				);
				PRODUCT_BUNDLE_IDENTIFIER = com.termcast.mac;
				SDKROOT = macosx;
				SWIFT_OBJC_BRIDGING_HEADER = "TermCast/App/TermCast-Bridging-Header.h";
				SWIFT_VERSION = 5.1;
			};
			name = Debug;
		};
		916FA20C948F03226C247A48 /* Debug */ = {
			isa = XCBuildConfiguration;
			buildSettings = {
				ALWAYS_SEARCH_USER_PATHS = NO;
				CLANG_ANALYZER_NONNULL = YES;
				CLANG_ANALYZER_NUMBER_OBJECT_CONVERSION = YES_AGGRESSIVE;
				CLANG_CXX_LANGUAGE_STANDARD = "gnu++14";
				CLANG_CXX_LIBRARY = "libc++";
				CLANG_ENABLE_MODULES = YES;
				CLANG_ENABLE_OBJC_ARC = YES;
				CLANG_ENABLE_OBJC_WEAK = YES;
				CLANG_WARN_BLOCK_CAPTURE_AUTORELEASING = YES;
				CLANG_WARN_BOOL_CONVERSION = YES;
				CLANG_WARN_COMMA = YES;
				CLANG_WARN_CONSTANT_CONVERSION = YES;
				CLANG_WARN_DEPRECATED_OBJC_IMPLEMENTATIONS = YES;
				CLANG_WARN_DIRECT_OBJC_ISA_USAGE = YES_ERROR;
				CLANG_WARN_DOCUMENTATION_COMMENTS = YES;
				CLANG_WARN_EMPTY_BODY = YES;
				CLANG_WARN_ENUM_CONVERSION = YES;
				CLANG_WARN_INFINITE_RECURSION = YES;
				CLANG_WARN_INT_CONVERSION = YES;
				CLANG_WARN_NON_LITERAL_NULL_CONVERSION = YES;
				CLANG_WARN_OBJC_IMPLICIT_RETAIN_SELF = YES;
				CLANG_WARN_OBJC_LITERAL_CONVERSION = YES;
				CLANG_WARN_OBJC_ROOT_CLASS = YES_ERROR;
				CLANG_WARN_QUOTED_INCLUDE_IN_FRAMEWORK_HEADER = YES;
				CLANG_WARN_RANGE_LOOP_ANALYSIS = YES;
				CLANG_WARN_STRICT_PROTOTYPES = YES;
				CLANG_WARN_SUSPICIOUS_MOVE = YES;
				CLANG_WARN_UNGUARDED_AVAILABILITY = YES_AGGRESSIVE;
				CLANG_WARN_UNREACHABLE_CODE = YES;
				CLANG_WARN__DUPLICATE_METHOD_MATCH = YES;
				COPY_PHASE_STRIP = NO;
				DEBUG_INFORMATION_FORMAT = dwarf;
				ENABLE_STRICT_OBJC_MSGSEND = YES;
				ENABLE_TESTABILITY = YES;
				GCC_C_LANGUAGE_STANDARD = gnu11;
				GCC_DYNAMIC_NO_PIC = NO;
				GCC_NO_COMMON_BLOCKS = YES;
				GCC_OPTIMIZATION_LEVEL = 0;
				GCC_PREPROCESSOR_DEFINITIONS = (
					"$(inherited)",
					"DEBUG=1",
				);
				GCC_WARN_64_TO_32_BIT_CONVERSION = YES;
				GCC_WARN_ABOUT_RETURN_TYPE = YES_ERROR;
				GCC_WARN_UNDECLARED_SELECTOR = YES;
				GCC_WARN_UNINITIALIZED_AUTOS = YES_AGGRESSIVE;
				GCC_WARN_UNUSED_FUNCTION = YES;
				GCC_WARN_UNUSED_VARIABLE = YES;
				MACOSX_DEPLOYMENT_TARGET = 14.0;
				MTL_ENABLE_DEBUG_INFO = INCLUDE_SOURCE;
				MTL_FAST_MATH = YES;
				ONLY_ACTIVE_ARCH = YES;
				PRODUCT_NAME = "$(TARGET_NAME)";
				SDKROOT = macosx;
				SWIFT_ACTIVE_COMPILATION_CONDITIONS = DEBUG;
				SWIFT_OPTIMIZATION_LEVEL = "-Onone";
				SWIFT_VERSION = 5.0;
			};
			name = Debug;
		};
		AC265015D29981BC6B11C4E0 /* Release */ = {
			isa = XCBuildConfiguration;
			buildSettings = {
				ASSETCATALOG_COMPILER_APPICON_NAME = AppIcon;
				COMBINE_HIDPI_IMAGES = YES;
				INFOPLIST_FILE = TermCast/App/Info.plist;
				LD_RUNPATH_SEARCH_PATHS = (
					"$(inherited)",
					"@executable_path/../Frameworks",
				);
				PRODUCT_BUNDLE_IDENTIFIER = com.termcast.mac;
				SDKROOT = macosx;
				SWIFT_OBJC_BRIDGING_HEADER = "TermCast/App/TermCast-Bridging-Header.h";
				SWIFT_VERSION = 5.1;
			};
			name = Release;
		};
		C50C6415E2B456FD5504CE04 /* Debug */ = {
			isa = XCBuildConfiguration;
			buildSettings = {
				COMBINE_HIDPI_IMAGES = YES;
				LD_RUNPATH_SEARCH_PATHS = (
					"$(inherited)",
					"@executable_path/../Frameworks",
				);
				PRODUCT_BUNDLE_IDENTIFIER = com.termcast.hook;
				SDKROOT = macosx;
				SWIFT_VERSION = 5.1;
			};
			name = Debug;
		};
		E17F50B867609D55AC5DE9E3 /* Release */ = {
			isa = XCBuildConfiguration;
			buildSettings = {
				COMBINE_HIDPI_IMAGES = YES;
				LD_RUNPATH_SEARCH_PATHS = (
					"$(inherited)",
					"@executable_path/../Frameworks",
				);
				PRODUCT_BUNDLE_IDENTIFIER = com.termcast.hook;
				SDKROOT = macosx;
				SWIFT_VERSION = 5.1;
			};
			name = Release;
		};
		ED88E38A28BC07971544570B /* Release */ = {
			isa = XCBuildConfiguration;
			buildSettings = {
				ALWAYS_SEARCH_USER_PATHS = NO;
				CLANG_ANALYZER_NONNULL = YES;
				CLANG_ANALYZER_NUMBER_OBJECT_CONVERSION = YES_AGGRESSIVE;
				CLANG_CXX_LANGUAGE_STANDARD = "gnu++14";
				CLANG_CXX_LIBRARY = "libc++";
				CLANG_ENABLE_MODULES = YES;
				CLANG_ENABLE_OBJC_ARC = YES;
				CLANG_ENABLE_OBJC_WEAK = YES;
				CLANG_WARN_BLOCK_CAPTURE_AUTORELEASING = YES;
				CLANG_WARN_BOOL_CONVERSION = YES;
				CLANG_WARN_COMMA = YES;
				CLANG_WARN_CONSTANT_CONVERSION = YES;
				CLANG_WARN_DEPRECATED_OBJC_IMPLEMENTATIONS = YES;
				CLANG_WARN_DIRECT_OBJC_ISA_USAGE = YES_ERROR;
				CLANG_WARN_DOCUMENTATION_COMMENTS = YES;
				CLANG_WARN_EMPTY_BODY = YES;
				CLANG_WARN_ENUM_CONVERSION = YES;
				CLANG_WARN_INFINITE_RECURSION = YES;
				CLANG_WARN_INT_CONVERSION = YES;
				CLANG_WARN_NON_LITERAL_NULL_CONVERSION = YES;
				CLANG_WARN_OBJC_IMPLICIT_RETAIN_SELF = YES;
				CLANG_WARN_OBJC_LITERAL_CONVERSION = YES;
				CLANG_WARN_OBJC_ROOT_CLASS = YES_ERROR;
				CLANG_WARN_QUOTED_INCLUDE_IN_FRAMEWORK_HEADER = YES;
				CLANG_WARN_RANGE_LOOP_ANALYSIS = YES;
				CLANG_WARN_STRICT_PROTOTYPES = YES;
				CLANG_WARN_SUSPICIOUS_MOVE = YES;
				CLANG_WARN_UNGUARDED_AVAILABILITY = YES_AGGRESSIVE;
				CLANG_WARN_UNREACHABLE_CODE = YES;
				CLANG_WARN__DUPLICATE_METHOD_MATCH = YES;
				COPY_PHASE_STRIP = NO;
				DEBUG_INFORMATION_FORMAT = "dwarf-with-dsym";
				ENABLE_NS_ASSERTIONS = NO;
				ENABLE_STRICT_OBJC_MSGSEND = YES;
				GCC_C_LANGUAGE_STANDARD = gnu11;
				GCC_NO_COMMON_BLOCKS = YES;
				GCC_WARN_64_TO_32_BIT_CONVERSION = YES;
				GCC_WARN_ABOUT_RETURN_TYPE = YES_ERROR;
				GCC_WARN_UNDECLARED_SELECTOR = YES;
				GCC_WARN_UNINITIALIZED_AUTOS = YES_AGGRESSIVE;
				GCC_WARN_UNUSED_FUNCTION = YES;
				GCC_WARN_UNUSED_VARIABLE = YES;
				MACOSX_DEPLOYMENT_TARGET = 14.0;
				MTL_ENABLE_DEBUG_INFO = NO;
				MTL_FAST_MATH = YES;
				PRODUCT_NAME = "$(TARGET_NAME)";
				SDKROOT = macosx;
				SWIFT_COMPILATION_MODE = wholemodule;
				SWIFT_OPTIMIZATION_LEVEL = "-O";
				SWIFT_VERSION = 5.0;
			};
			name = Release;
		};
		F472764A1063C100F954966C /* Release */ = {
			isa = XCBuildConfiguration;
			buildSettings = {
				BUNDLE_LOADER = "$(TEST_HOST)";
				COMBINE_HIDPI_IMAGES = YES;
				GENERATE_INFOPLIST_FILE = YES;
				LD_RUNPATH_SEARCH_PATHS = (
					"$(inherited)",
					"@executable_path/../Frameworks",
					"@loader_path/../Frameworks",
				);
				PRODUCT_BUNDLE_IDENTIFIER = com.termcast.TermCastTests;
				SDKROOT = macosx;
				SWIFT_VERSION = 5.1;
				TEST_HOST = "$(BUILT_PRODUCTS_DIR)/TermCast.app/Contents/MacOS/TermCast";
			};
			name = Release;
		};
		F6ADDC092CDA38DC067B9479 /* Debug */ = {
			isa = XCBuildConfiguration;
			buildSettings = {
				BUNDLE_LOADER = "$(TEST_HOST)";
				COMBINE_HIDPI_IMAGES = YES;
				GENERATE_INFOPLIST_FILE = YES;
				LD_RUNPATH_SEARCH_PATHS = (
					"$(inherited)",
					"@executable_path/../Frameworks",
					"@loader_path/../Frameworks",
				);
				PRODUCT_BUNDLE_IDENTIFIER = com.termcast.TermCastTests;
				SDKROOT = macosx;
				SWIFT_VERSION = 5.1;
				TEST_HOST = "$(BUILT_PRODUCTS_DIR)/TermCast.app/Contents/MacOS/TermCast";
			};
			name = Debug;
		};
/* End XCBuildConfiguration section */

/* Begin XCConfigurationList section */
		2B196A738FA630990C2F7A32 /* Build configuration list for PBXProject "TermCast" */ = {
			isa = XCConfigurationList;
			buildConfigurations = (
				916FA20C948F03226C247A48 /* Debug */,
				ED88E38A28BC07971544570B /* Release */,
			);
			defaultConfigurationIsVisible = 0;
			defaultConfigurationName = Debug;
		};
		8F6D7B2ECAEC7A38FBBCF8D7 /* Build configuration list for PBXNativeTarget "TermCastTests" */ = {
			isa = XCConfigurationList;
			buildConfigurations = (
				F6ADDC092CDA38DC067B9479 /* Debug */,
				F472764A1063C100F954966C /* Release */,
			);
			defaultConfigurationIsVisible = 0;
			defaultConfigurationName = Debug;
		};
		98BB674A9B4AE2726C1FDE81 /* Build configuration list for PBXNativeTarget "TermCastHook" */ = {
			isa = XCConfigurationList;
			buildConfigurations = (
				C50C6415E2B456FD5504CE04 /* Debug */,
				E17F50B867609D55AC5DE9E3 /* Release */,
			);
			defaultConfigurationIsVisible = 0;
			defaultConfigurationName = Debug;
		};
		F92E83A29DA7512E4139D757 /* Build configuration list for PBXNativeTarget "TermCast" */ = {
			isa = XCConfigurationList;
			buildConfigurations = (
				58509BDE4FA7C462DAA8CEC2 /* Debug */,
				AC265015D29981BC6B11C4E0 /* Release */,
			);
			defaultConfigurationIsVisible = 0;
			defaultConfigurationName = Debug;
		};
/* End XCConfigurationList section */

/* Begin XCRemoteSwiftPackageReference section */
		49FE756EE000C6C8BC109C56 /* XCRemoteSwiftPackageReference "swift-nio" */ = {
			isa = XCRemoteSwiftPackageReference;
			repositoryURL = "https://github.com/apple/swift-nio.git";
			requirement = {
				kind = upToNextMajorVersion;
				minimumVersion = 2.65.0;
			};
		};
/* End XCRemoteSwiftPackageReference section */

/* Begin XCSwiftPackageProductDependency section */
		0442E45B47DF33E9E13CFBC5 /* NIOPosix */ = {
			isa = XCSwiftPackageProductDependency;
			package = 49FE756EE000C6C8BC109C56 /* XCRemoteSwiftPackageReference "swift-nio" */;
			productName = NIOPosix;
		};
		070F4266C3E9F190AE397A13 /* NIOHTTP1 */ = {
			isa = XCSwiftPackageProductDependency;
			package = 49FE756EE000C6C8BC109C56 /* XCRemoteSwiftPackageReference "swift-nio" */;
			productName = NIOHTTP1;
		};
		8E3A81F5EDBF49F3FF0D6222 /* NIOWebSocket */ = {
			isa = XCSwiftPackageProductDependency;
			package = 49FE756EE000C6C8BC109C56 /* XCRemoteSwiftPackageReference "swift-nio" */;
			productName = NIOWebSocket;
		};
		A31BC5A9C64FB6369DE1AACB /* NIOCore */ = {
			isa = XCSwiftPackageProductDependency;
			package = 49FE756EE000C6C8BC109C56 /* XCRemoteSwiftPackageReference "swift-nio" */;
			productName = NIOCore;
		};
/* End XCSwiftPackageProductDependency section */
	};
	rootObject = 380359ED6BCACAD99966BD0E /* Project object */;
}
