// !$*UTF8*$!
{
	archiveVersion = 1;
	classes = {
	};
	objectVersion = 77;
	objects = {

/* Begin PBXBuildFile section */
		288805CCA875289FF7ADBE8D /* ModelsTests.swift in Sources */ = {isa = PBXBuildFile; fileRef = 92D77CBA29DCB87A58E847CB /* ModelsTests.swift */; };
		39E846EF52174071449EFE96 /* WSClient.swift in Sources */ = {isa = PBXBuildFile; fileRef = 3B625BED1C5627C2A888AF90 /* WSClient.swift */; };
		4278374CD175DE9265E2D064 /* SessionTabView.swift in Sources */ = {isa = PBXBuildFile; fileRef = A7B59A5AD85D0C8F5EC95AF4 /* SessionTabView.swift */; };
		4B0B7734AA087AF481F3AB90 /* SessionListView.swift in Sources */ = {isa = PBXBuildFile; fileRef = 79EBAC5732C95DEF3040E634 /* SessionListView.swift */; };
		560A2C25A657F07FDC9F73AE /* PairingStoreTests.swift in Sources */ = {isa = PBXBuildFile; fileRef = 1422691F1E2755F93DF0F2EF /* PairingStoreTests.swift */; };
		56CB38578881A137DFDB81C1 /* TerminalView.swift in Sources */ = {isa = PBXBuildFile; fileRef = E74BE782FC52ABFF76278FB9 /* TerminalView.swift */; };
		57398983670E9236CC2C4DD4 /* SwiftTerm in Frameworks */ = {isa = PBXBuildFile; productRef = AD67F699185B2CDEEF7BA3FB /* SwiftTerm */; };
		607D900DBA99559026C6ADBE /* PlaceholderTests.swift in Sources */ = {isa = PBXBuildFile; fileRef = 2655AFDDA1AE36F3EBEA7CED /* PlaceholderTests.swift */; };
		61E799E4E7AFACF887668993 /* KeyboardToolbar.swift in Sources */ = {isa = PBXBuildFile; fileRef = 3125B1115312E67DBB4762AD /* KeyboardToolbar.swift */; };
		756D1A5E6622A0FE3FA1FED8 /* WSMessage.swift in Sources */ = {isa = PBXBuildFile; fileRef = 9AF02207E210D4036BB2AAFD /* WSMessage.swift */; };
		7E5FDBF3F4A2570C496CCB16 /* Session.swift in Sources */ = {isa = PBXBuildFile; fileRef = 79E3CE72CFD54373D6255BBA /* Session.swift */; };
		83433A37DFE4F579AD5789A6 /* ReconnectPolicyTests.swift in Sources */ = {isa = PBXBuildFile; fileRef = 55F64140F87E43DF38D97E29 /* ReconnectPolicyTests.swift */; };
		9354AA6CE8FED9F8568094EF /* ReconnectPolicy.swift in Sources */ = {isa = PBXBuildFile; fileRef = CC5BE25B8D8A2C39234B2BB9 /* ReconnectPolicy.swift */; };
		97CFC21B7497EE082DB01084 /* QRScanView.swift in Sources */ = {isa = PBXBuildFile; fileRef = 1C28E9B54B26162077606C5F /* QRScanView.swift */; };
		9982671CF74062AC6312F82F /* WSMessageiOSTests.swift in Sources */ = {isa = PBXBuildFile; fileRef = 904336AE45D1897A8C1AC839 /* WSMessageiOSTests.swift */; };
		9C3B337C5B3F4A2F4893F467 /* OnboardingUITests.swift in Sources */ = {isa = PBXBuildFile; fileRef = C230B15F326C5317ADC3AAC9 /* OnboardingUITests.swift */; };
		9EA62A7F5ACBC0B05EE02A4B /* SessionStoreTests.swift in Sources */ = {isa = PBXBuildFile; fileRef = 547DCE9C55000EEB9BEE0D63 /* SessionStoreTests.swift */; };
		A06D408E72B82CB2C02F1AD1 /* InputHandlerTests.swift in Sources */ = {isa = PBXBuildFile; fileRef = F6F6C37C8027AA2F07B125ED /* InputHandlerTests.swift */; };
		B278B307DEF7192DD2A36A93 /* OfflineView.swift in Sources */ = {isa = PBXBuildFile; fileRef = EF5FE137C80AF9945378F261 /* OfflineView.swift */; };
		BED046D56B6AC1F814D35397 /* TermCastiOSApp.swift in Sources */ = {isa = PBXBuildFile; fileRef = B64D4EA6D771D5C07F7C7DE6 /* TermCastiOSApp.swift */; };
		C6A492693ADC5D4A26BC3377 /* InputHandler.swift in Sources */ = {isa = PBXBuildFile; fileRef = 76E73B005BEB69330B33837C /* InputHandler.swift */; };
		E2A4EE50453D5DB85DDB54DB /* PairingStore.swift in Sources */ = {isa = PBXBuildFile; fileRef = A511B4DAAE891FD9EB4E3019 /* PairingStore.swift */; };
		FAEB3E7BFC3ECCD9F16BF2E6 /* SessionStore.swift in Sources */ = {isa = PBXBuildFile; fileRef = F9EDD2422D34061A7DBE52E0 /* SessionStore.swift */; };
		FD60DBCCDFD83348C7E6F83B /* PingPong.swift in Sources */ = {isa = PBXBuildFile; fileRef = 37625804785F76F2608EA90C /* PingPong.swift */; };
/* End PBXBuildFile section */

/* Begin PBXContainerItemProxy section */
		95B5FBF35565B91CDAF7F509 /* PBXContainerItemProxy */ = {
			isa = PBXContainerItemProxy;
			containerPortal = 017EB2D5D165676CD214FE3C /* Project object */;
			proxyType = 1;
			remoteGlobalIDString = E5264074929A89D6682D482A;
			remoteInfo = TermCastiOS;
		};
		CA6CB134E18E0B45A9AE56CF /* PBXContainerItemProxy */ = {
			isa = PBXContainerItemProxy;
			containerPortal = 017EB2D5D165676CD214FE3C /* Project object */;
			proxyType = 1;
			remoteGlobalIDString = E5264074929A89D6682D482A;
			remoteInfo = TermCastiOS;
		};
/* End PBXContainerItemProxy section */

/* Begin PBXFileReference section */
		1422691F1E2755F93DF0F2EF /* PairingStoreTests.swift */ = {isa = PBXFileReference; lastKnownFileType = sourcecode.swift; path = PairingStoreTests.swift; sourceTree = "<group>"; };
		1667B8FBC3B337795A794998 /* Info.plist */ = {isa = PBXFileReference; lastKnownFileType = text.plist; path = Info.plist; sourceTree = "<group>"; };
		1C28E9B54B26162077606C5F /* QRScanView.swift */ = {isa = PBXFileReference; lastKnownFileType = sourcecode.swift; path = QRScanView.swift; sourceTree = "<group>"; };
		2655AFDDA1AE36F3EBEA7CED /* PlaceholderTests.swift */ = {isa = PBXFileReference; lastKnownFileType = sourcecode.swift; path = PlaceholderTests.swift; sourceTree = "<group>"; };
		3125B1115312E67DBB4762AD /* KeyboardToolbar.swift */ = {isa = PBXFileReference; lastKnownFileType = sourcecode.swift; path = KeyboardToolbar.swift; sourceTree = "<group>"; };
		37625804785F76F2608EA90C /* PingPong.swift */ = {isa = PBXFileReference; lastKnownFileType = sourcecode.swift; path = PingPong.swift; sourceTree = "<group>"; };
		3B625BED1C5627C2A888AF90 /* WSClient.swift */ = {isa = PBXFileReference; lastKnownFileType = sourcecode.swift; path = WSClient.swift; sourceTree = "<group>"; };
		547DCE9C55000EEB9BEE0D63 /* SessionStoreTests.swift */ = {isa = PBXFileReference; lastKnownFileType = sourcecode.swift; path = SessionStoreTests.swift; sourceTree = "<group>"; };
		55F64140F87E43DF38D97E29 /* ReconnectPolicyTests.swift */ = {isa = PBXFileReference; lastKnownFileType = sourcecode.swift; path = ReconnectPolicyTests.swift; sourceTree = "<group>"; };
		5968ABB2F95009F2298EFF28 /* TermCastiOS.app */ = {isa = PBXFileReference; includeInIndex = 0; lastKnownFileType = wrapper.application; path = TermCastiOS.app; sourceTree = BUILT_PRODUCTS_DIR; };
		76E73B005BEB69330B33837C /* InputHandler.swift */ = {isa = PBXFileReference; lastKnownFileType = sourcecode.swift; path = InputHandler.swift; sourceTree = "<group>"; };
		79E3CE72CFD54373D6255BBA /* Session.swift */ = {isa = PBXFileReference; lastKnownFileType = sourcecode.swift; path = Session.swift; sourceTree = "<group>"; };
		79EBAC5732C95DEF3040E634 /* SessionListView.swift */ = {isa = PBXFileReference; lastKnownFileType = sourcecode.swift; path = SessionListView.swift; sourceTree = "<group>"; };
		879E94937660794111B367E9 /* TermCastiOSTests.xctest */ = {isa = PBXFileReference; includeInIndex = 0; lastKnownFileType = wrapper.cfbundle; path = TermCastiOSTests.xctest; sourceTree = BUILT_PRODUCTS_DIR; };
		904336AE45D1897A8C1AC839 /* WSMessageiOSTests.swift */ = {isa = PBXFileReference; lastKnownFileType = sourcecode.swift; path = WSMessageiOSTests.swift; sourceTree = "<group>"; };
		92D77CBA29DCB87A58E847CB /* ModelsTests.swift */ = {isa = PBXFileReference; lastKnownFileType = sourcecode.swift; path = ModelsTests.swift; sourceTree = "<group>"; };
		9AF02207E210D4036BB2AAFD /* WSMessage.swift */ = {isa = PBXFileReference; lastKnownFileType = sourcecode.swift; path = WSMessage.swift; sourceTree = "<group>"; };
		A511B4DAAE891FD9EB4E3019 /* PairingStore.swift */ = {isa = PBXFileReference; lastKnownFileType = sourcecode.swift; path = PairingStore.swift; sourceTree = "<group>"; };
		A7B59A5AD85D0C8F5EC95AF4 /* SessionTabView.swift */ = {isa = PBXFileReference; lastKnownFileType = sourcecode.swift; path = SessionTabView.swift; sourceTree = "<group>"; };
		B64D4EA6D771D5C07F7C7DE6 /* TermCastiOSApp.swift */ = {isa = PBXFileReference; lastKnownFileType = sourcecode.swift; path = TermCastiOSApp.swift; sourceTree = "<group>"; };
		C230B15F326C5317ADC3AAC9 /* OnboardingUITests.swift */ = {isa = PBXFileReference; lastKnownFileType = sourcecode.swift; path = OnboardingUITests.swift; sourceTree = "<group>"; };
		CC433EEF08C00A7159128312 /* TermCastiOSUITests.xctest */ = {isa = PBXFileReference; includeInIndex = 0; lastKnownFileType = wrapper.cfbundle; path = TermCastiOSUITests.xctest; sourceTree = BUILT_PRODUCTS_DIR; };
		CC5BE25B8D8A2C39234B2BB9 /* ReconnectPolicy.swift */ = {isa = PBXFileReference; lastKnownFileType = sourcecode.swift; path = ReconnectPolicy.swift; sourceTree = "<group>"; };
		E74BE782FC52ABFF76278FB9 /* TerminalView.swift */ = {isa = PBXFileReference; lastKnownFileType = sourcecode.swift; path = TerminalView.swift; sourceTree = "<group>"; };
		EF5FE137C80AF9945378F261 /* OfflineView.swift */ = {isa = PBXFileReference; lastKnownFileType = sourcecode.swift; path = OfflineView.swift; sourceTree = "<group>"; };
		F6F6C37C8027AA2F07B125ED /* InputHandlerTests.swift */ = {isa = PBXFileReference; lastKnownFileType = sourcecode.swift; path = InputHandlerTests.swift; sourceTree = "<group>"; };
		F9EDD2422D34061A7DBE52E0 /* SessionStore.swift */ = {isa = PBXFileReference; lastKnownFileType = sourcecode.swift; path = SessionStore.swift; sourceTree = "<group>"; };
/* End PBXFileReference section */

/* Begin PBXFrameworksBuildPhase section */
		590FAD59E2A2A07DE1CECCA0 /* Frameworks */ = {
			isa = PBXFrameworksBuildPhase;
			buildActionMask = 2147483647;
			files = (
				57398983670E9236CC2C4DD4 /* SwiftTerm in Frameworks */,
			);
			runOnlyForDeploymentPostprocessing = 0;
		};
/* End PBXFrameworksBuildPhase section */

/* Begin PBXGroup section */
		0EB15034491BBF95130FA3A8 /* Auth */ = {
			isa = PBXGroup;
			children = (
				A511B4DAAE891FD9EB4E3019 /* PairingStore.swift */,
			);
			path = Auth;
			sourceTree = "<group>";
		};
		168144CFBCC419B7FAB97FF0 /* TermCastiOS */ = {
			isa = PBXGroup;
			children = (
				742B5AE43731B017E515A5BD /* App */,
				0EB15034491BBF95130FA3A8 /* Auth */,
				ADF0BB8A0676B9BD13E8387D /* Connection */,
				2CD344D4F61AD105DAD5CBE9 /* Models */,
				47D9FD072310898BE79C1A12 /* Onboarding */,
				B920C75E41C33303ED8FFD6D /* Sessions */,
				F4E0BB0D34E3D730CDB69977 /* Terminal */,
				C11324E30F5DFA45313E8B1A /* Views */,
			);
			path = TermCastiOS;
			sourceTree = "<group>";
		};
		2AC4967B3FF9E024E120A2C0 = {
			isa = PBXGroup;
			children = (
				168144CFBCC419B7FAB97FF0 /* TermCastiOS */,
				EFF9CBC49A26A4EAB286B3AE /* TermCastiOSTests */,
				95E5071635CAB6AF0E6A1E2B /* TermCastiOSUITests */,
				9BF585447DF94298A347E485 /* Products */,
			);
			sourceTree = "<group>";
		};
		2CD344D4F61AD105DAD5CBE9 /* Models */ = {
			isa = PBXGroup;
			children = (
				79E3CE72CFD54373D6255BBA /* Session.swift */,
				9AF02207E210D4036BB2AAFD /* WSMessage.swift */,
			);
			path = Models;
			sourceTree = "<group>";
		};
		47D9FD072310898BE79C1A12 /* Onboarding */ = {
			isa = PBXGroup;
			children = (
				1C28E9B54B26162077606C5F /* QRScanView.swift */,
			);
			path = Onboarding;
			sourceTree = "<group>";
		};
		742B5AE43731B017E515A5BD /* App */ = {
			isa = PBXGroup;
			children = (
				1667B8FBC3B337795A794998 /* Info.plist */,
				B64D4EA6D771D5C07F7C7DE6 /* TermCastiOSApp.swift */,
			);
			path = App;
			sourceTree = "<group>";
		};
		95E5071635CAB6AF0E6A1E2B /* TermCastiOSUITests */ = {
			isa = PBXGroup;
			children = (
				C230B15F326C5317ADC3AAC9 /* OnboardingUITests.swift */,
			);
			path = TermCastiOSUITests;
			sourceTree = "<group>";
		};
		9BF585447DF94298A347E485 /* Products */ = {
			isa = PBXGroup;
			children = (
				5968ABB2F95009F2298EFF28 /* TermCastiOS.app */,
				879E94937660794111B367E9 /* TermCastiOSTests.xctest */,
				CC433EEF08C00A7159128312 /* TermCastiOSUITests.xctest */,
			);
			name = Products;
			sourceTree = "<group>";
		};
		ADF0BB8A0676B9BD13E8387D /* Connection */ = {
			isa = PBXGroup;
			children = (
				37625804785F76F2608EA90C /* PingPong.swift */,
				CC5BE25B8D8A2C39234B2BB9 /* ReconnectPolicy.swift */,
				3B625BED1C5627C2A888AF90 /* WSClient.swift */,
			);
			path = Connection;
			sourceTree = "<group>";
		};
		B920C75E41C33303ED8FFD6D /* Sessions */ = {
			isa = PBXGroup;
			children = (
				F9EDD2422D34061A7DBE52E0 /* SessionStore.swift */,
			);
			path = Sessions;
			sourceTree = "<group>";
		};
		C11324E30F5DFA45313E8B1A /* Views */ = {
			isa = PBXGroup;
			children = (
				EF5FE137C80AF9945378F261 /* OfflineView.swift */,
				79EBAC5732C95DEF3040E634 /* SessionListView.swift */,
				A7B59A5AD85D0C8F5EC95AF4 /* SessionTabView.swift */,
			);
			path = Views;
			sourceTree = "<group>";
		};
		EFF9CBC49A26A4EAB286B3AE /* TermCastiOSTests */ = {
			isa = PBXGroup;
			children = (
				F6F6C37C8027AA2F07B125ED /* InputHandlerTests.swift */,
				92D77CBA29DCB87A58E847CB /* ModelsTests.swift */,
				1422691F1E2755F93DF0F2EF /* PairingStoreTests.swift */,
				2655AFDDA1AE36F3EBEA7CED /* PlaceholderTests.swift */,
				55F64140F87E43DF38D97E29 /* ReconnectPolicyTests.swift */,
				547DCE9C55000EEB9BEE0D63 /* SessionStoreTests.swift */,
				904336AE45D1897A8C1AC839 /* WSMessageiOSTests.swift */,
			);
			path = TermCastiOSTests;
			sourceTree = "<group>";
		};
		F4E0BB0D34E3D730CDB69977 /* Terminal */ = {
			isa = PBXGroup;
			children = (
				76E73B005BEB69330B33837C /* InputHandler.swift */,
				3125B1115312E67DBB4762AD /* KeyboardToolbar.swift */,
				E74BE782FC52ABFF76278FB9 /* TerminalView.swift */,
			);
			path = Terminal;
			sourceTree = "<group>";
		};
/* End PBXGroup section */

/* Begin PBXNativeTarget section */
		712C254976EA9B088F12FB54 /* TermCastiOSUITests */ = {
			isa = PBXNativeTarget;
			buildConfigurationList = 7F408A88AFF2F1EAA0264614 /* Build configuration list for PBXNativeTarget "TermCastiOSUITests" */;
			buildPhases = (
				EC9388CD8C3D63FE21C2171F /* Sources */,
			);
			buildRules = (
			);
			dependencies = (
				1973F18131160FCE811E4ED8 /* PBXTargetDependency */,
			);
			name = TermCastiOSUITests;
			packageProductDependencies = (
			);
			productName = TermCastiOSUITests;
			productReference = CC433EEF08C00A7159128312 /* TermCastiOSUITests.xctest */;
			productType = "com.apple.product-type.bundle.ui-testing";
		};
		A50D5A51B644CCA3B1610DA9 /* TermCastiOSTests */ = {
			isa = PBXNativeTarget;
			buildConfigurationList = 924600ADF9B3E28CF10D9D4B /* Build configuration list for PBXNativeTarget "TermCastiOSTests" */;
			buildPhases = (
				B0C5147E005608B7E5844045 /* Sources */,
			);
			buildRules = (
			);
			dependencies = (
				52465C6C6B34F6CB046468B2 /* PBXTargetDependency */,
			);
			name = TermCastiOSTests;
			packageProductDependencies = (
			);
			productName = TermCastiOSTests;
			productReference = 879E94937660794111B367E9 /* TermCastiOSTests.xctest */;
			productType = "com.apple.product-type.bundle.unit-test";
		};
		E5264074929A89D6682D482A /* TermCastiOS */ = {
			isa = PBXNativeTarget;
			buildConfigurationList = AAE29EF7C7827CD9F5629435 /* Build configuration list for PBXNativeTarget "TermCastiOS" */;
			buildPhases = (
				3B1A75C460C17D5192C60AE7 /* Sources */,
				590FAD59E2A2A07DE1CECCA0 /* Frameworks */,
			);
			buildRules = (
			);
			dependencies = (
			);
			name = TermCastiOS;
			packageProductDependencies = (
				AD67F699185B2CDEEF7BA3FB /* SwiftTerm */,
			);
			productName = TermCastiOS;
			productReference = 5968ABB2F95009F2298EFF28 /* TermCastiOS.app */;
			productType = "com.apple.product-type.application";
		};
/* End PBXNativeTarget section */

/* Begin PBXProject section */
		017EB2D5D165676CD214FE3C /* Project object */ = {
			isa = PBXProject;
			attributes = {
				BuildIndependentTargetsInParallel = YES;
				LastUpgradeCheck = 1500;
				TargetAttributes = {
					712C254976EA9B088F12FB54 = {
						TestTargetID = E5264074929A89D6682D482A;
					};
				};
			};
			buildConfigurationList = 526D664FAA7FA21CC0A825A3 /* Build configuration list for PBXProject "TermCastiOS" */;
			compatibilityVersion = "Xcode 14.0";
			developmentRegion = en;
			hasScannedForEncodings = 0;
			knownRegions = (
				Base,
				en,
			);
			mainGroup = 2AC4967B3FF9E024E120A2C0;
			minimizedProjectReferenceProxies = 1;
			packageReferences = (
				F14311939864EB77868C48B9 /* XCRemoteSwiftPackageReference "SwiftTerm" */,
			);
			preferredProjectObjectVersion = 77;
			projectDirPath = "";
			projectRoot = "";
			targets = (
				E5264074929A89D6682D482A /* TermCastiOS */,
				A50D5A51B644CCA3B1610DA9 /* TermCastiOSTests */,
				712C254976EA9B088F12FB54 /* TermCastiOSUITests */,
			);
		};
/* End PBXProject section */

/* Begin PBXSourcesBuildPhase section */
		3B1A75C460C17D5192C60AE7 /* Sources */ = {
			isa = PBXSourcesBuildPhase;
			buildActionMask = 2147483647;
			files = (
				C6A492693ADC5D4A26BC3377 /* InputHandler.swift in Sources */,
				61E799E4E7AFACF887668993 /* KeyboardToolbar.swift in Sources */,
				B278B307DEF7192DD2A36A93 /* OfflineView.swift in Sources */,
				E2A4EE50453D5DB85DDB54DB /* PairingStore.swift in Sources */,
				FD60DBCCDFD83348C7E6F83B /* PingPong.swift in Sources */,
				97CFC21B7497EE082DB01084 /* QRScanView.swift in Sources */,
				9354AA6CE8FED9F8568094EF /* ReconnectPolicy.swift in Sources */,
				7E5FDBF3F4A2570C496CCB16 /* Session.swift in Sources */,
				4B0B7734AA087AF481F3AB90 /* SessionListView.swift in Sources */,
				FAEB3E7BFC3ECCD9F16BF2E6 /* SessionStore.swift in Sources */,
				4278374CD175DE9265E2D064 /* SessionTabView.swift in Sources */,
				BED046D56B6AC1F814D35397 /* TermCastiOSApp.swift in Sources */,
				56CB38578881A137DFDB81C1 /* TerminalView.swift in Sources */,
				39E846EF52174071449EFE96 /* WSClient.swift in Sources */,
				756D1A5E6622A0FE3FA1FED8 /* WSMessage.swift in Sources */,
			);
			runOnlyForDeploymentPostprocessing = 0;
		};
		B0C5147E005608B7E5844045 /* Sources */ = {
			isa = PBXSourcesBuildPhase;
			buildActionMask = 2147483647;
			files = (
				A06D408E72B82CB2C02F1AD1 /* InputHandlerTests.swift in Sources */,
				288805CCA875289FF7ADBE8D /* ModelsTests.swift in Sources */,
				560A2C25A657F07FDC9F73AE /* PairingStoreTests.swift in Sources */,
				607D900DBA99559026C6ADBE /* PlaceholderTests.swift in Sources */,
				83433A37DFE4F579AD5789A6 /* ReconnectPolicyTests.swift in Sources */,
				9EA62A7F5ACBC0B05EE02A4B /* SessionStoreTests.swift in Sources */,
				9982671CF74062AC6312F82F /* WSMessageiOSTests.swift in Sources */,
			);
			runOnlyForDeploymentPostprocessing = 0;
		};
		EC9388CD8C3D63FE21C2171F /* Sources */ = {
			isa = PBXSourcesBuildPhase;
			buildActionMask = 2147483647;
			files = (
				9C3B337C5B3F4A2F4893F467 /* OnboardingUITests.swift in Sources */,
			);
			runOnlyForDeploymentPostprocessing = 0;
		};
/* End PBXSourcesBuildPhase section */

/* Begin PBXTargetDependency section */
		1973F18131160FCE811E4ED8 /* PBXTargetDependency */ = {
			isa = PBXTargetDependency;
			target = E5264074929A89D6682D482A /* TermCastiOS */;
			targetProxy = CA6CB134E18E0B45A9AE56CF /* PBXContainerItemProxy */;
		};
		52465C6C6B34F6CB046468B2 /* PBXTargetDependency */ = {
			isa = PBXTargetDependency;
			target = E5264074929A89D6682D482A /* TermCastiOS */;
			targetProxy = 95B5FBF35565B91CDAF7F509 /* PBXContainerItemProxy */;
		};
/* End PBXTargetDependency section */

/* Begin XCBuildConfiguration section */
		369BA9C03D39513203C91F4F /* Debug */ = {
			isa = XCBuildConfiguration;
			buildSettings = {
				BUNDLE_LOADER = "$(TEST_HOST)";
				GENERATE_INFOPLIST_FILE = YES;
				IPHONEOS_DEPLOYMENT_TARGET = 16.0;
				LD_RUNPATH_SEARCH_PATHS = (
					"$(inherited)",
					"@executable_path/Frameworks",
					"@loader_path/Frameworks",
				);
				PRODUCT_BUNDLE_IDENTIFIER = com.termcast.TermCastiOSUITests;
				SDKROOT = iphoneos;
				SWIFT_VERSION = 5.10;
				TARGETED_DEVICE_FAMILY = "1,2";
				TEST_TARGET_NAME = TermCastiOS;
			};
			name = Debug;
		};
		5712C31AB28BED1EED525B94 /* Release */ = {
			isa = XCBuildConfiguration;
			buildSettings = {
				ALWAYS_SEARCH_USER_PATHS = NO;
				CLANG_ANALYZER_NONNULL = YES;
				CLANG_ANALYZER_NUMBER_OBJECT_CONVERSION = YES_AGGRESSIVE;
				CLANG_CXX_LANGUAGE_STANDARD = "gnu++14";
				CLANG_CXX_LIBRARY = "libc++";
				CLANG_ENABLE_MODULES = YES;
				CLANG_ENABLE_OBJC_ARC = YES;
				CLANG_ENABLE_OBJC_WEAK = YES;
				CLANG_WARN_BLOCK_CAPTURE_AUTORELEASING = YES;
				CLANG_WARN_BOOL_CONVERSION = YES;
				CLANG_WARN_COMMA = YES;
				CLANG_WARN_CONSTANT_CONVERSION = YES;
				CLANG_WARN_DEPRECATED_OBJC_IMPLEMENTATIONS = YES;
				CLANG_WARN_DIRECT_OBJC_ISA_USAGE = YES_ERROR;
				CLANG_WARN_DOCUMENTATION_COMMENTS = YES;
				CLANG_WARN_EMPTY_BODY = YES;
				CLANG_WARN_ENUM_CONVERSION = YES;
				CLANG_WARN_INFINITE_RECURSION = YES;
				CLANG_WARN_INT_CONVERSION = YES;
				CLANG_WARN_NON_LITERAL_NULL_CONVERSION = YES;
				CLANG_WARN_OBJC_IMPLICIT_RETAIN_SELF = YES;
				CLANG_WARN_OBJC_LITERAL_CONVERSION = YES;
				CLANG_WARN_OBJC_ROOT_CLASS = YES_ERROR;
				CLANG_WARN_QUOTED_INCLUDE_IN_FRAMEWORK_HEADER = YES;
				CLANG_WARN_RANGE_LOOP_ANALYSIS = YES;
				CLANG_WARN_STRICT_PROTOTYPES = YES;
				CLANG_WARN_SUSPICIOUS_MOVE = YES;
				CLANG_WARN_UNGUARDED_AVAILABILITY = YES_AGGRESSIVE;
				CLANG_WARN_UNREACHABLE_CODE = YES;
				CLANG_WARN__DUPLICATE_METHOD_MATCH = YES;
				COPY_PHASE_STRIP = NO;
				DEBUG_INFORMATION_FORMAT = "dwarf-with-dsym";
				ENABLE_NS_ASSERTIONS = NO;
				ENABLE_STRICT_OBJC_MSGSEND = YES;
				GCC_C_LANGUAGE_STANDARD = gnu11;
				GCC_NO_COMMON_BLOCKS = YES;
				GCC_WARN_64_TO_32_BIT_CONVERSION = YES;
				GCC_WARN_ABOUT_RETURN_TYPE = YES_ERROR;
				GCC_WARN_UNDECLARED_SELECTOR = YES;
				GCC_WARN_UNINITIALIZED_AUTOS = YES_AGGRESSIVE;
				GCC_WARN_UNUSED_FUNCTION = YES;
				GCC_WARN_UNUSED_VARIABLE = YES;
				IPHONEOS_DEPLOYMENT_TARGET = 16.0;
				MTL_ENABLE_DEBUG_INFO = NO;
				MTL_FAST_MATH = YES;
				PRODUCT_NAME = "$(TARGET_NAME)";
				SDKROOT = iphoneos;
				SWIFT_COMPILATION_MODE = wholemodule;
				SWIFT_OPTIMIZATION_LEVEL = "-O";
				SWIFT_VERSION = 5.0;
			};
			name = Release;
		};
		6A67E6AD3A96EB273E01345F /* Release */ = {
			isa = XCBuildConfiguration;
			buildSettings = {
				BUNDLE_LOADER = "$(TEST_HOST)";
				GENERATE_INFOPLIST_FILE = YES;
				IPHONEOS_DEPLOYMENT_TARGET = 16.0;
				LD_RUNPATH_SEARCH_PATHS = (
					"$(inherited)",
					"@executable_path/Frameworks",
					"@loader_path/Frameworks",
				);
				PRODUCT_BUNDLE_IDENTIFIER = com.termcast.TermCastiOSTests;
				SDKROOT = iphoneos;
				SWIFT_VERSION = 5.1;
				TARGETED_DEVICE_FAMILY = "1,2";
				TEST_HOST = "$(BUILT_PRODUCTS_DIR)/TermCastiOS.app/TermCastiOS";
			};
			name = Release;
		};
		7453283768048081F0E993F4 /* Release */ = {
			isa = XCBuildConfiguration;
			buildSettings = {
				BUNDLE_LOADER = "$(TEST_HOST)";
				GENERATE_INFOPLIST_FILE = YES;
				IPHONEOS_DEPLOYMENT_TARGET = 16.0;
				LD_RUNPATH_SEARCH_PATHS = (
					"$(inherited)",
					"@executable_path/Frameworks",
					"@loader_path/Frameworks",
				);
				PRODUCT_BUNDLE_IDENTIFIER = com.termcast.TermCastiOSUITests;
				SDKROOT = iphoneos;
				SWIFT_VERSION = 5.10;
				TARGETED_DEVICE_FAMILY = "1,2";
				TEST_TARGET_NAME = TermCastiOS;
			};
			name = Release;
		};
		78FA5A780AD2377116009AF3 /* Debug */ = {
			isa = XCBuildConfiguration;
			buildSettings = {
				BUNDLE_LOADER = "$(TEST_HOST)";
				GENERATE_INFOPLIST_FILE = YES;
				IPHONEOS_DEPLOYMENT_TARGET = 16.0;
				LD_RUNPATH_SEARCH_PATHS = (
					"$(inherited)",
					"@executable_path/Frameworks",
					"@loader_path/Frameworks",
				);
				PRODUCT_BUNDLE_IDENTIFIER = com.termcast.TermCastiOSTests;
				SDKROOT = iphoneos;
				SWIFT_VERSION = 5.1;
				TARGETED_DEVICE_FAMILY = "1,2";
				TEST_HOST = "$(BUILT_PRODUCTS_DIR)/TermCastiOS.app/TermCastiOS";
			};
			name = Debug;
		};
		7DF5ECCE2B139872250DC414 /* Release */ = {
			isa = XCBuildConfiguration;
			buildSettings = {
				ASSETCATALOG_COMPILER_APPICON_NAME = AppIcon;
				CODE_SIGN_IDENTITY = "iPhone Developer";
				INFOPLIST_FILE = TermCastiOS/App/Info.plist;
				IPHONEOS_DEPLOYMENT_TARGET = 16.0;
				LD_RUNPATH_SEARCH_PATHS = (
					"$(inherited)",
					"@executable_path/Frameworks",
				);
				PRODUCT_BUNDLE_IDENTIFIER = com.termcast.ios;
				SDKROOT = iphoneos;
				SWIFT_VERSION = 5.1;
				TARGETED_DEVICE_FAMILY = "1,2";
			};
			name = Release;
		};
		C1BF4C7F8688D9DB68DD574A /* Debug */ = {
			isa = XCBuildConfiguration;
			buildSettings = {
				ALWAYS_SEARCH_USER_PATHS = NO;
				CLANG_ANALYZER_NONNULL = YES;
				CLANG_ANALYZER_NUMBER_OBJECT_CONVERSION = YES_AGGRESSIVE;
				CLANG_CXX_LANGUAGE_STANDARD = "gnu++14";
				CLANG_CXX_LIBRARY = "libc++";
				CLANG_ENABLE_MODULES = YES;
				CLANG_ENABLE_OBJC_ARC = YES;
				CLANG_ENABLE_OBJC_WEAK = YES;
				CLANG_WARN_BLOCK_CAPTURE_AUTORELEASING = YES;
				CLANG_WARN_BOOL_CONVERSION = YES;
				CLANG_WARN_COMMA = YES;
				CLANG_WARN_CONSTANT_CONVERSION = YES;
				CLANG_WARN_DEPRECATED_OBJC_IMPLEMENTATIONS = YES;
				CLANG_WARN_DIRECT_OBJC_ISA_USAGE = YES_ERROR;
				CLANG_WARN_DOCUMENTATION_COMMENTS = YES;
				CLANG_WARN_EMPTY_BODY = YES;
				CLANG_WARN_ENUM_CONVERSION = YES;
				CLANG_WARN_INFINITE_RECURSION = YES;
				CLANG_WARN_INT_CONVERSION = YES;
				CLANG_WARN_NON_LITERAL_NULL_CONVERSION = YES;
				CLANG_WARN_OBJC_IMPLICIT_RETAIN_SELF = YES;
				CLANG_WARN_OBJC_LITERAL_CONVERSION = YES;
				CLANG_WARN_OBJC_ROOT_CLASS = YES_ERROR;
				CLANG_WARN_QUOTED_INCLUDE_IN_FRAMEWORK_HEADER = YES;
				CLANG_WARN_RANGE_LOOP_ANALYSIS = YES;
				CLANG_WARN_STRICT_PROTOTYPES = YES;
				CLANG_WARN_SUSPICIOUS_MOVE = YES;
				CLANG_WARN_UNGUARDED_AVAILABILITY = YES_AGGRESSIVE;
				CLANG_WARN_UNREACHABLE_CODE = YES;
				CLANG_WARN__DUPLICATE_METHOD_MATCH = YES;
				COPY_PHASE_STRIP = NO;
				DEBUG_INFORMATION_FORMAT = dwarf;
				ENABLE_STRICT_OBJC_MSGSEND = YES;
				ENABLE_TESTABILITY = YES;
				GCC_C_LANGUAGE_STANDARD = gnu11;
				GCC_DYNAMIC_NO_PIC = NO;
				GCC_NO_COMMON_BLOCKS = YES;
				GCC_OPTIMIZATION_LEVEL = 0;
				GCC_PREPROCESSOR_DEFINITIONS = (
					"$(inherited)",
					"DEBUG=1",
				);
				GCC_WARN_64_TO_32_BIT_CONVERSION = YES;
				GCC_WARN_ABOUT_RETURN_TYPE = YES_ERROR;
				GCC_WARN_UNDECLARED_SELECTOR = YES;
				GCC_WARN_UNINITIALIZED_AUTOS = YES_AGGRESSIVE;
				GCC_WARN_UNUSED_FUNCTION = YES;
				GCC_WARN_UNUSED_VARIABLE = YES;
				IPHONEOS_DEPLOYMENT_TARGET = 16.0;
				MTL_ENABLE_DEBUG_INFO = INCLUDE_SOURCE;
				MTL_FAST_MATH = YES;
				ONLY_ACTIVE_ARCH = YES;
				PRODUCT_NAME = "$(TARGET_NAME)";
				SDKROOT = iphoneos;
				SWIFT_ACTIVE_COMPILATION_CONDITIONS = DEBUG;
				SWIFT_OPTIMIZATION_LEVEL = "-Onone";
				SWIFT_VERSION = 5.0;
			};
			name = Debug;
		};
		E07C418BFF4FEA6D454ED519 /* Debug */ = {
			isa = XCBuildConfiguration;
			buildSettings = {
				ASSETCATALOG_COMPILER_APPICON_NAME = AppIcon;
				CODE_SIGN_IDENTITY = "iPhone Developer";
				INFOPLIST_FILE = TermCastiOS/App/Info.plist;
				IPHONEOS_DEPLOYMENT_TARGET = 16.0;
				LD_RUNPATH_SEARCH_PATHS = (
					"$(inherited)",
					"@executable_path/Frameworks",
				);
				PRODUCT_BUNDLE_IDENTIFIER = com.termcast.ios;
				SDKROOT = iphoneos;
				SWIFT_VERSION = 5.1;
				TARGETED_DEVICE_FAMILY = "1,2";
			};
			name = Debug;
		};
/* End XCBuildConfiguration section */

/* Begin XCConfigurationList section */
		526D664FAA7FA21CC0A825A3 /* Build configuration list for PBXProject "TermCastiOS" */ = {
			isa = XCConfigurationList;
			buildConfigurations = (
				C1BF4C7F8688D9DB68DD574A /* Debug */,
				5712C31AB28BED1EED525B94 /* Release */,
			);
			defaultConfigurationIsVisible = 0;
			defaultConfigurationName = Debug;
		};
		7F408A88AFF2F1EAA0264614 /* Build configuration list for PBXNativeTarget "TermCastiOSUITests" */ = {
			isa = XCConfigurationList;
			buildConfigurations = (
				369BA9C03D39513203C91F4F /* Debug */,
				7453283768048081F0E993F4 /* Release */,
			);
			defaultConfigurationIsVisible = 0;
			defaultConfigurationName = Debug;
		};
		924600ADF9B3E28CF10D9D4B /* Build configuration list for PBXNativeTarget "TermCastiOSTests" */ = {
			isa = XCConfigurationList;
			buildConfigurations = (
				78FA5A780AD2377116009AF3 /* Debug */,
				6A67E6AD3A96EB273E01345F /* Release */,
			);
			defaultConfigurationIsVisible = 0;
			defaultConfigurationName = Debug;
		};
		AAE29EF7C7827CD9F5629435 /* Build configuration list for PBXNativeTarget "TermCastiOS" */ = {
			isa = XCConfigurationList;
			buildConfigurations = (
				E07C418BFF4FEA6D454ED519 /* Debug */,
				7DF5ECCE2B139872250DC414 /* Release */,
			);
			defaultConfigurationIsVisible = 0;
			defaultConfigurationName = Debug;
		};
/* End XCConfigurationList section */

/* Begin XCRemoteSwiftPackageReference section */
		F14311939864EB77868C48B9 /* XCRemoteSwiftPackageReference "SwiftTerm" */ = {
			isa = XCRemoteSwiftPackageReference;
			repositoryURL = "https://github.com/migueldeicaza/SwiftTerm";
			requirement = {
				kind = upToNextMajorVersion;
				minimumVersion = 1.2.0;
			};
		};
/* End XCRemoteSwiftPackageReference section */

/* Begin XCSwiftPackageProductDependency section */
		AD67F699185B2CDEEF7BA3FB /* SwiftTerm */ = {
			isa = XCSwiftPackageProductDependency;
			package = F14311939864EB77868C48B9 /* XCRemoteSwiftPackageReference "SwiftTerm" */;
			productName = SwiftTerm;
		};
/* End XCSwiftPackageProductDependency section */
	};
	rootObject = 017EB2D5D165676CD214FE3C /* Project object */;
}
